
Microsoft Visual Studio Solution File, Format Version 12.00
# Visual Studio Version 17
VisualStudioVersion = 17.11.35219.272
MinimumVisualStudioVersion = 10.0.40219.1
Project("{FAE04EC0-301F-11D3-BF4B-00C04F79EFBC}") = "rolletmachin", "rolletmachin\rolletmachin.csproj", "{AFDB7622-9B66-4837-86FF-A913E5538F5C}"
EndProject
Global
	GlobalSection(SolutionConfigurationPlatforms) = preSolution
		Debug|Any CPU = Debug|Any CPU
		Release|Any CPU = Release|Any CPU
	EndGlobalSection
	GlobalSection(ProjectConfigurationPlatforms) = postSolution
		{AFDB7622-9B66-4837-86FF-A913E5538F5C}.Debug|Any CPU.ActiveCfg = Debug|Any CPU
		{AFDB7622-9B66-4837-86FF-A913E5538F5C}.Debug|Any CPU.Build.0 = Debug|Any CPU
		{AFDB7622-9B66-4837-86FF-A913E5538F5C}.Release|Any CPU.ActiveCfg = Release|Any CPU
		{AFDB7622-9B66-4837-86FF-A913E5538F5C}.Release|Any CPU.Build.0 = Release|Any CPU
	EndGlobalSection
	GlobalSection(SolutionProperties) = preSolution
		HideSolutionNode = FALSE
	EndGlobalSection
	GlobalSection(ExtensibilityGlobals) = postSolution
		SolutionGuid = {C9970153-6260-4D2C-A5C1-9FA2C72D98AC}
	EndGlobalSection
EndGlobal
